
Microsoft Visual Studio Solution File, Format Version 12.00
# Visual Studio Version 16
VisualStudioVersion = 16.0.30225.117
MinimumVisualStudioVersion = 10.0.40219.1
Project("{9A19103F-16F7-4668-BE54-9A1E7A4F7556}") = "Component", "YOLOv4MLNet\Component.csproj", "{EB62C663-D170-407F-91B0-9650159ED1B2}"
EndProject
Project("{9A19103F-16F7-4668-BE54-9A1E7A4F7556}") = "ConsoleApp", "ConsoleApp\ConsoleApp.csproj", "{9043928F-A407-4C14-A48C-EF80426E013C}"
EndProject
Project("{FAE04EC0-301F-11D3-BF4B-00C04F79EFBC}") = "UserGUI", "UserGUI\UserGUI.csproj", "{13805EE9-3501-4E65-ADB4-CBAE51068D5D}"
	ProjectSection(ProjectDependencies) = postProject
		{EB62C663-D170-407F-91B0-9650159ED1B2} = {EB62C663-D170-407F-91B0-9650159ED1B2}
	EndProjectSection
EndProject
Global
	GlobalSection(SolutionConfigurationPlatforms) = preSolution
		Debug|Any CPU = Debug|Any CPU
		Release|Any CPU = Release|Any CPU
	EndGlobalSection
	GlobalSection(ProjectConfigurationPlatforms) = postSolution
		{EB62C663-D170-407F-91B0-9650159ED1B2}.Debug|Any CPU.ActiveCfg = Debug|Any CPU
		{EB62C663-D170-407F-91B0-9650159ED1B2}.Debug|Any CPU.Build.0 = Debug|Any CPU
		{EB62C663-D170-407F-91B0-9650159ED1B2}.Release|Any CPU.ActiveCfg = Release|Any CPU
		{EB62C663-D170-407F-91B0-9650159ED1B2}.Release|Any CPU.Build.0 = Release|Any CPU
		{9043928F-A407-4C14-A48C-EF80426E013C}.Debug|Any CPU.ActiveCfg = Debug|Any CPU
		{9043928F-A407-4C14-A48C-EF80426E013C}.Debug|Any CPU.Build.0 = Debug|Any CPU
		{9043928F-A407-4C14-A48C-EF80426E013C}.Release|Any CPU.ActiveCfg = Release|Any CPU
		{9043928F-A407-4C14-A48C-EF80426E013C}.Release|Any CPU.Build.0 = Release|Any CPU
		{13805EE9-3501-4E65-ADB4-CBAE51068D5D}.Debug|Any CPU.ActiveCfg = Debug|Any CPU
		{13805EE9-3501-4E65-ADB4-CBAE51068D5D}.Debug|Any CPU.Build.0 = Debug|Any CPU
		{13805EE9-3501-4E65-ADB4-CBAE51068D5D}.Release|Any CPU.ActiveCfg = Release|Any CPU
		{13805EE9-3501-4E65-ADB4-CBAE51068D5D}.Release|Any CPU.Build.0 = Release|Any CPU
	EndGlobalSection
	GlobalSection(SolutionProperties) = preSolution
		HideSolutionNode = FALSE
	EndGlobalSection
	GlobalSection(ExtensibilityGlobals) = postSolution
		SolutionGuid = {BBBC2C99-A95D-4F1B-9AA0-6D95737E2B5C}
	EndGlobalSection
EndGlobal
